
Microsoft Visual Studio Solution File, Format Version 12.00
# Visual Studio Version 17
VisualStudioVersion = 17.14.36811.4 d17.14
MinimumVisualStudioVersion = 10.0.40219.1
Project("{FAE04EC0-301F-11D3-BF4B-00C04F79EFBC}") = "MailFlow.BLL", "MailFlow.BLL\MailFlow.BLL.csproj", "{E48E5CA8-2801-4B5A-A5B6-E7C458DCC440}"
EndProject
Project("{FAE04EC0-301F-11D3-BF4B-00C04F79EFBC}") = "MailFlow.DAL", "MailFlow.DAL\MailFlow.DAL.csproj", "{179E1864-9BED-45C4-B201-5B8FDAB03640}"
EndProject
Project("{FAE04EC0-301F-11D3-BF4B-00C04F79EFBC}") = "MailFlow.BE", "MailFlow.BE\MailFlow.BE.csproj", "{7083660D-B392-4FF3-81DA-48B45DC08DE9}"
EndProject
Project("{FAE04EC0-301F-11D3-BF4B-00C04F79EFBC}") = "MailFlow.UTILITY", "MailFlow.UTILITY\MailFlow.UTILITY.csproj", "{F3244886-3262-4604-BB1C-7E6F62369EEC}"
EndProject
Project("{FAE04EC0-301F-11D3-BF4B-00C04F79EFBC}") = "MailFlow.API", "MailFlow.API\MailFlow.API.csproj", "{E5AC8800-9F1E-41BC-8CA2-EAFD26F80C0D}"
EndProject
Global
	GlobalSection(SolutionConfigurationPlatforms) = preSolution
		Debug|Any CPU = Debug|Any CPU
		Release|Any CPU = Release|Any CPU
	EndGlobalSection
	GlobalSection(ProjectConfigurationPlatforms) = postSolution
		{E48E5CA8-2801-4B5A-A5B6-E7C458DCC440}.Debug|Any CPU.ActiveCfg = Debug|Any CPU
		{E48E5CA8-2801-4B5A-A5B6-E7C458DCC440}.Debug|Any CPU.Build.0 = Debug|Any CPU
		{E48E5CA8-2801-4B5A-A5B6-E7C458DCC440}.Release|Any CPU.ActiveCfg = Release|Any CPU
		{E48E5CA8-2801-4B5A-A5B6-E7C458DCC440}.Release|Any CPU.Build.0 = Release|Any CPU
		{179E1864-9BED-45C4-B201-5B8FDAB03640}.Debug|Any CPU.ActiveCfg = Debug|Any CPU
		{179E1864-9BED-45C4-B201-5B8FDAB03640}.Debug|Any CPU.Build.0 = Debug|Any CPU
		{179E1864-9BED-45C4-B201-5B8FDAB03640}.Release|Any CPU.ActiveCfg = Release|Any CPU
		{179E1864-9BED-45C4-B201-5B8FDAB03640}.Release|Any CPU.Build.0 = Release|Any CPU
		{7083660D-B392-4FF3-81DA-48B45DC08DE9}.Debug|Any CPU.ActiveCfg = Debug|Any CPU
		{7083660D-B392-4FF3-81DA-48B45DC08DE9}.Debug|Any CPU.Build.0 = Debug|Any CPU
		{7083660D-B392-4FF3-81DA-48B45DC08DE9}.Release|Any CPU.ActiveCfg = Release|Any CPU
		{7083660D-B392-4FF3-81DA-48B45DC08DE9}.Release|Any CPU.Build.0 = Release|Any CPU
		{F3244886-3262-4604-BB1C-7E6F62369EEC}.Debug|Any CPU.ActiveCfg = Debug|Any CPU
		{F3244886-3262-4604-BB1C-7E6F62369EEC}.Debug|Any CPU.Build.0 = Debug|Any CPU
		{F3244886-3262-4604-BB1C-7E6F62369EEC}.Release|Any CPU.ActiveCfg = Release|Any CPU
		{F3244886-3262-4604-BB1C-7E6F62369EEC}.Release|Any CPU.Build.0 = Release|Any CPU
		{E5AC8800-9F1E-41BC-8CA2-EAFD26F80C0D}.Debug|Any CPU.ActiveCfg = Debug|Any CPU
		{E5AC8800-9F1E-41BC-8CA2-EAFD26F80C0D}.Debug|Any CPU.Build.0 = Debug|Any CPU
		{E5AC8800-9F1E-41BC-8CA2-EAFD26F80C0D}.Release|Any CPU.ActiveCfg = Release|Any CPU
		{E5AC8800-9F1E-41BC-8CA2-EAFD26F80C0D}.Release|Any CPU.Build.0 = Release|Any CPU
	EndGlobalSection
	GlobalSection(SolutionProperties) = preSolution
		HideSolutionNode = FALSE
	EndGlobalSection
	GlobalSection(ExtensibilityGlobals) = postSolution
		SolutionGuid = {8174CB9C-63C4-4C51-B389-F8260704A231}
	EndGlobalSection
EndGlobal
